
Microsoft Visual Studio Solution File, Format Version 12.00
# Visual Studio 15
VisualStudioVersion = 15.0.27703.2035
MinimumVisualStudioVersion = 10.0.40219.1
Project("{FAE04EC0-301F-11D3-BF4B-00C04F79EFBC}") = "Lojinha", "Lojinha\Lojinha.csproj", "{E529E190-91EF-4EF7-AE09-E52F9C455334}"
EndProject
Global
	GlobalSection(SolutionConfigurationPlatforms) = preSolution
		Debug|Any CPU = Debug|Any CPU
		Release|Any CPU = Release|Any CPU
	EndGlobalSection
	GlobalSection(ProjectConfigurationPlatforms) = postSolution
		{E529E190-91EF-4EF7-AE09-E52F9C455334}.Debug|Any CPU.ActiveCfg = Debug|Any CPU
		{E529E190-91EF-4EF7-AE09-E52F9C455334}.Debug|Any CPU.Build.0 = Debug|Any CPU
		{E529E190-91EF-4EF7-AE09-E52F9C455334}.Release|Any CPU.ActiveCfg = Release|Any CPU
		{E529E190-91EF-4EF7-AE09-E52F9C455334}.Release|Any CPU.Build.0 = Release|Any CPU
	EndGlobalSection
	GlobalSection(SolutionProperties) = preSolution
		HideSolutionNode = FALSE
	EndGlobalSection
	GlobalSection(ExtensibilityGlobals) = postSolution
		SolutionGuid = {97EC709B-62E4-4C95-88AD-FF925AA72FCC}
	EndGlobalSection
EndGlobal
